
Microsoft Visual Studio Solution File, Format Version 12.00
# Visual Studio 14
VisualStudioVersion = 14.0.24720.0
MinimumVisualStudioVersion = 10.0.40219.1
Project("{2150E333-8FDC-42A3-9474-1A3956D46DE8}") = "MovieNerd.Web", "MovieNerd.Web", "{D8A3CCFA-132D-4871-81B2-A3D0AEAA54D1}"
EndProject
Project("{E24C65DC-7377-472B-9ABA-BC803B73C61A}") = "MovieNerd", ".", "{DEABF4AD-BFBF-4EC9-B2A7-E098F2E169A2}"
	ProjectSection(WebsiteProperties) = preProject
		TargetFrameworkMoniker = ".NETFramework,Version%3Dv4.5.2"
		Debug.AspNetCompiler.VirtualPath = "/localhost_59502"
		Debug.AspNetCompiler.PhysicalPath = "..\MovieNerd\"
		Debug.AspNetCompiler.TargetPath = "PrecompiledWeb\localhost_59502\"
		Debug.AspNetCompiler.Updateable = "true"
		Debug.AspNetCompiler.ForceOverwrite = "true"
		Debug.AspNetCompiler.FixedNames = "false"
		Debug.AspNetCompiler.Debug = "True"
		Release.AspNetCompiler.VirtualPath = "/localhost_59502"
		Release.AspNetCompiler.PhysicalPath = "..\MovieNerd\"
		Release.AspNetCompiler.TargetPath = "PrecompiledWeb\localhost_59502\"
		Release.AspNetCompiler.Updateable = "true"
		Release.AspNetCompiler.ForceOverwrite = "true"
		Release.AspNetCompiler.FixedNames = "false"
		Release.AspNetCompiler.Debug = "False"
		VWDPort = "59502"
		SlnRelativePath = "..\MovieNerd\"
		DefaultWebSiteLanguage = "Visual C#"
	EndProjectSection
EndProject
Global
	GlobalSection(SolutionConfigurationPlatforms) = preSolution
		Debug|Any CPU = Debug|Any CPU
	EndGlobalSection
	GlobalSection(ProjectConfigurationPlatforms) = postSolution
		{DEABF4AD-BFBF-4EC9-B2A7-E098F2E169A2}.Debug|Any CPU.ActiveCfg = Debug|Any CPU
		{DEABF4AD-BFBF-4EC9-B2A7-E098F2E169A2}.Debug|Any CPU.Build.0 = Debug|Any CPU
	EndGlobalSection
	GlobalSection(SolutionProperties) = preSolution
		HideSolutionNode = FALSE
	EndGlobalSection
	GlobalSection(NestedProjects) = preSolution
		{DEABF4AD-BFBF-4EC9-B2A7-E098F2E169A2} = {D8A3CCFA-132D-4871-81B2-A3D0AEAA54D1}
	EndGlobalSection
EndGlobal
